// !$*UTF8*$!
{
	archiveVersion = 1;
	classes = {
	};
	objectVersion = 46;
	objects = {

/* Begin PBXBuildFile section */
		3ADDC8021C4C1FF000E87920 /* AppDelegate.swift in Sources */ = {isa = PBXBuildFile; fileRef = 3ADDC8011C4C1FF000E87920 /* AppDelegate.swift */; };
		3ADDC8041C4C1FF000E87920 /* ViewController.swift in Sources */ = {isa = PBXBuildFile; fileRef = 3ADDC8031C4C1FF000E87920 /* ViewController.swift */; };
		3ADDC8071C4C1FF000E87920 /* Main.storyboard in Resources */ = {isa = PBXBuildFile; fileRef = 3ADDC8051C4C1FF000E87920 /* Main.storyboard */; };
		3ADDC8091C4C1FF000E87920 /* Assets.xcassets in Resources */ = {isa = PBXBuildFile; fileRef = 3ADDC8081C4C1FF000E87920 /* Assets.xcassets */; };
		3ADDC80C1C4C1FF000E87920 /* LaunchScreen.storyboard in Resources */ = {isa = PBXBuildFile; fileRef = 3ADDC80A1C4C1FF000E87920 /* LaunchScreen.storyboard */; };
		3ADDC8171C4C1FF000E87920 /* GreyScaleSliderTests.swift in Sources */ = {isa = PBXBuildFile; fileRef = 3ADDC8161C4C1FF000E87920 /* GreyScaleSliderTests.swift */; };
		3ADDC8221C4C1FF000E87920 /* GreyScaleSliderUITests.swift in Sources */ = {isa = PBXBuildFile; fileRef = 3ADDC8211C4C1FF000E87920 /* GreyScaleSliderUITests.swift */; };
/* End PBXBuildFile section */

/* Begin PBXContainerItemProxy section */
		3ADDC8131C4C1FF000E87920 /* PBXContainerItemProxy */ = {
			isa = PBXContainerItemProxy;
			containerPortal = 3ADDC7F61C4C1FF000E87920 /* Project object */;
			proxyType = 1;
			remoteGlobalIDString = 3ADDC7FD1C4C1FF000E87920;
			remoteInfo = GreyScaleSlider;
		};
		3ADDC81E1C4C1FF000E87920 /* PBXContainerItemProxy */ = {
			isa = PBXContainerItemProxy;
			containerPortal = 3ADDC7F61C4C1FF000E87920 /* Project object */;
			proxyType = 1;
			remoteGlobalIDString = 3ADDC7FD1C4C1FF000E87920;
			remoteInfo = GreyScaleSlider;
		};
/* End PBXContainerItemProxy section */

/* Begin PBXFileReference section */
		3ADDC7FE1C4C1FF000E87920 /* GreyScaleSlider.app */ = {isa = PBXFileReference; explicitFileType = wrapper.application; includeInIndex = 0; path = GreyScaleSlider.app; sourceTree = BUILT_PRODUCTS_DIR; };
		3ADDC8011C4C1FF000E87920 /* AppDelegate.swift */ = {isa = PBXFileReference; lastKnownFileType = sourcecode.swift; path = AppDelegate.swift; sourceTree = "<group>"; };
		3ADDC8031C4C1FF000E87920 /* ViewController.swift */ = {isa = PBXFileReference; lastKnownFileType = sourcecode.swift; path = ViewController.swift; sourceTree = "<group>"; };
		3ADDC8061C4C1FF000E87920 /* Base */ = {isa = PBXFileReference; lastKnownFileType = file.storyboard; name = Base; path = Base.lproj/Main.storyboard; sourceTree = "<group>"; };
		3ADDC8081C4C1FF000E87920 /* Assets.xcassets */ = {isa = PBXFileReference; lastKnownFileType = folder.assetcatalog; path = Assets.xcassets; sourceTree = "<group>"; };
		3ADDC80B1C4C1FF000E87920 /* Base */ = {isa = PBXFileReference; lastKnownFileType = file.storyboard; name = Base; path = Base.lproj/LaunchScreen.storyboard; sourceTree = "<group>"; };
		3ADDC80D1C4C1FF000E87920 /* Info.plist */ = {isa = PBXFileReference; lastKnownFileType = text.plist.xml; path = Info.plist; sourceTree = "<group>"; };
		3ADDC8121C4C1FF000E87920 /* GreyScaleSliderTests.xctest */ = {isa = PBXFileReference; explicitFileType = wrapper.cfbundle; includeInIndex = 0; path = GreyScaleSliderTests.xctest; sourceTree = BUILT_PRODUCTS_DIR; };
		3ADDC8161C4C1FF000E87920 /* GreyScaleSliderTests.swift */ = {isa = PBXFileReference; lastKnownFileType = sourcecode.swift; path = GreyScaleSliderTests.swift; sourceTree = "<group>"; };
		3ADDC8181C4C1FF000E87920 /* Info.plist */ = {isa = PBXFileReference; lastKnownFileType = text.plist.xml; path = Info.plist; sourceTree = "<group>"; };
		3ADDC81D1C4C1FF000E87920 /* GreyScaleSliderUITests.xctest */ = {isa = PBXFileReference; explicitFileType = wrapper.cfbundle; includeInIndex = 0; path = GreyScaleSliderUITests.xctest; sourceTree = BUILT_PRODUCTS_DIR; };
		3ADDC8211C4C1FF000E87920 /* GreyScaleSliderUITests.swift */ = {isa = PBXFileReference; lastKnownFileType = sourcecode.swift; path = GreyScaleSliderUITests.swift; sourceTree = "<group>"; };
		3ADDC8231C4C1FF100E87920 /* Info.plist */ = {isa = PBXFileReference; lastKnownFileType = text.plist.xml; path = Info.plist; sourceTree = "<group>"; };
/* End PBXFileReference section */

/* Begin PBXFrameworksBuildPhase section */
		3ADDC7FB1C4C1FF000E87920 /* Frameworks */ = {
			isa = PBXFrameworksBuildPhase;
			buildActionMask = 2147483647;
			files = (
			);
			runOnlyForDeploymentPostprocessing = 0;
		};
		3ADDC80F1C4C1FF000E87920 /* Frameworks */ = {
			isa = PBXFrameworksBuildPhase;
			buildActionMask = 2147483647;
			files = (
			);
			runOnlyForDeploymentPostprocessing = 0;
		};
		3ADDC81A1C4C1FF000E87920 /* Frameworks */ = {
			isa = PBXFrameworksBuildPhase;
			buildActionMask = 2147483647;
			files = (
			);
			runOnlyForDeploymentPostprocessing = 0;
		};
/* End PBXFrameworksBuildPhase section */

/* Begin PBXGroup section */
		3ADDC7F51C4C1FF000E87920 = {
			isa = PBXGroup;
			children = (
				3ADDC8001C4C1FF000E87920 /* GreyScaleSlider */,
				3ADDC8151C4C1FF000E87920 /* GreyScaleSliderTests */,
				3ADDC8201C4C1FF000E87920 /* GreyScaleSliderUITests */,
				3ADDC7FF1C4C1FF000E87920 /* Products */,
			);
			sourceTree = "<group>";
		};
		3ADDC7FF1C4C1FF000E87920 /* Products */ = {
			isa = PBXGroup;
			children = (
				3ADDC7FE1C4C1FF000E87920 /* GreyScaleSlider.app */,
				3ADDC8121C4C1FF000E87920 /* GreyScaleSliderTests.xctest */,
				3ADDC81D1C4C1FF000E87920 /* GreyScaleSliderUITests.xctest */,
			);
			name = Products;
			sourceTree = "<group>";
		};
		3ADDC8001C4C1FF000E87920 /* GreyScaleSlider */ = {
			isa = PBXGroup;
			children = (
				3ADDC8011C4C1FF000E87920 /* AppDelegate.swift */,
				3ADDC8031C4C1FF000E87920 /* ViewController.swift */,
				3ADDC8051C4C1FF000E87920 /* Main.storyboard */,
				3ADDC8081C4C1FF000E87920 /* Assets.xcassets */,
				3ADDC80A1C4C1FF000E87920 /* LaunchScreen.storyboard */,
				3ADDC80D1C4C1FF000E87920 /* Info.plist */,
			);
			path = GreyScaleSlider;
			sourceTree = "<group>";
		};
		3ADDC8151C4C1FF000E87920 /* GreyScaleSliderTests */ = {
			isa = PBXGroup;
			children = (
				3ADDC8161C4C1FF000E87920 /* GreyScaleSliderTests.swift */,
				3ADDC8181C4C1FF000E87920 /* Info.plist */,
			);
			path = GreyScaleSliderTests;
			sourceTree = "<group>";
		};
		3ADDC8201C4C1FF000E87920 /* GreyScaleSliderUITests */ = {
			isa = PBXGroup;
			children = (
				3ADDC8211C4C1FF000E87920 /* GreyScaleSliderUITests.swift */,
				3ADDC8231C4C1FF100E87920 /* Info.plist */,
			);
			path = GreyScaleSliderUITests;
			sourceTree = "<group>";
		};
/* End PBXGroup section */

/* Begin PBXNativeTarget section */
		3ADDC7FD1C4C1FF000E87920 /* GreyScaleSlider */ = {
			isa = PBXNativeTarget;
			buildConfigurationList = 3ADDC8261C4C1FF100E87920 /* Build configuration list for PBXNativeTarget "GreyScaleSlider" */;
			buildPhases = (
				3ADDC7FA1C4C1FF000E87920 /* Sources */,
				3ADDC7FB1C4C1FF000E87920 /* Frameworks */,
				3ADDC7FC1C4C1FF000E87920 /* Resources */,
			);
			buildRules = (
			);
			dependencies = (
			);
			name = GreyScaleSlider;
			productName = GreyScaleSlider;
			productReference = 3ADDC7FE1C4C1FF000E87920 /* GreyScaleSlider.app */;
			productType = "com.apple.product-type.application";
		};
		3ADDC8111C4C1FF000E87920 /* GreyScaleSliderTests */ = {
			isa = PBXNativeTarget;
			buildConfigurationList = 3ADDC8291C4C1FF100E87920 /* Build configuration list for PBXNativeTarget "GreyScaleSliderTests" */;
			buildPhases = (
				3ADDC80E1C4C1FF000E87920 /* Sources */,
				3ADDC80F1C4C1FF000E87920 /* Frameworks */,
				3ADDC8101C4C1FF000E87920 /* Resources */,
			);
			buildRules = (
			);
			dependencies = (
				3ADDC8141C4C1FF000E87920 /* PBXTargetDependency */,
			);
			name = GreyScaleSliderTests;
			productName = GreyScaleSliderTests;
			productReference = 3ADDC8121C4C1FF000E87920 /* GreyScaleSliderTests.xctest */;
			productType = "com.apple.product-type.bundle.unit-test";
		};
		3ADDC81C1C4C1FF000E87920 /* GreyScaleSliderUITests */ = {
			isa = PBXNativeTarget;
			buildConfigurationList = 3ADDC82C1C4C1FF100E87920 /* Build configuration list for PBXNativeTarget "GreyScaleSliderUITests" */;
			buildPhases = (
				3ADDC8191C4C1FF000E87920 /* Sources */,
				3ADDC81A1C4C1FF000E87920 /* Frameworks */,
				3ADDC81B1C4C1FF000E87920 /* Resources */,
			);
			buildRules = (
			);
			dependencies = (
				3ADDC81F1C4C1FF000E87920 /* PBXTargetDependency */,
			);
			name = GreyScaleSliderUITests;
			productName = GreyScaleSliderUITests;
			productReference = 3ADDC81D1C4C1FF000E87920 /* GreyScaleSliderUITests.xctest */;
			productType = "com.apple.product-type.bundle.ui-testing";
		};
/* End PBXNativeTarget section */

/* Begin PBXProject section */
		3ADDC7F61C4C1FF000E87920 /* Project object */ = {
			isa = PBXProject;
			attributes = {
				LastSwiftUpdateCheck = 0720;
				LastUpgradeCheck = 0720;
				ORGANIZATIONNAME = "Deekshita Amaravadi";
				TargetAttributes = {
					3ADDC7FD1C4C1FF000E87920 = {
						CreatedOnToolsVersion = 7.2;
					};
					3ADDC8111C4C1FF000E87920 = {
						CreatedOnToolsVersion = 7.2;
						TestTargetID = 3ADDC7FD1C4C1FF000E87920;
					};
					3ADDC81C1C4C1FF000E87920 = {
						CreatedOnToolsVersion = 7.2;
						TestTargetID = 3ADDC7FD1C4C1FF000E87920;
					};
				};
			};
			buildConfigurationList = 3ADDC7F91C4C1FF000E87920 /* Build configuration list for PBXProject "GreyScaleSlider" */;
			compatibilityVersion = "Xcode 3.2";
			developmentRegion = English;
			hasScannedForEncodings = 0;
			knownRegions = (
				en,
				Base,
			);
			mainGroup = 3ADDC7F51C4C1FF000E87920;
			productRefGroup = 3ADDC7FF1C4C1FF000E87920 /* Products */;
			projectDirPath = "";
			projectRoot = "";
			targets = (
				3ADDC7FD1C4C1FF000E87920 /* GreyScaleSlider */,
				3ADDC8111C4C1FF000E87920 /* GreyScaleSliderTests */,
				3ADDC81C1C4C1FF000E87920 /* GreyScaleSliderUITests */,
			);
		};
/* End PBXProject section */

/* Begin PBXResourcesBuildPhase section */
		3ADDC7FC1C4C1FF000E87920 /* Resources */ = {
			isa = PBXResourcesBuildPhase;
			buildActionMask = 2147483647;
			files = (
				3ADDC80C1C4C1FF000E87920 /* LaunchScreen.storyboard in Resources */,
				3ADDC8091C4C1FF000E87920 /* Assets.xcassets in Resources */,
				3ADDC8071C4C1FF000E87920 /* Main.storyboard in Resources */,
			);
			runOnlyForDeploymentPostprocessing = 0;
		};
		3ADDC8101C4C1FF000E87920 /* Resources */ = {
			isa = PBXResourcesBuildPhase;
			buildActionMask = 2147483647;
			files = (
			);
			runOnlyForDeploymentPostprocessing = 0;
		};
		3ADDC81B1C4C1FF000E87920 /* Resources */ = {
			isa = PBXResourcesBuildPhase;
			buildActionMask = 2147483647;
			files = (
			);
			runOnlyForDeploymentPostprocessing = 0;
		};
/* End PBXResourcesBuildPhase section */

/* Begin PBXSourcesBuildPhase section */
		3ADDC7FA1C4C1FF000E87920 /* Sources */ = {
			isa = PBXSourcesBuildPhase;
			buildActionMask = 2147483647;
			files = (
				3ADDC8041C4C1FF000E87920 /* ViewController.swift in Sources */,
				3ADDC8021C4C1FF000E87920 /* AppDelegate.swift in Sources */,
			);
			runOnlyForDeploymentPostprocessing = 0;
		};
		3ADDC80E1C4C1FF000E87920 /* Sources */ = {
			isa = PBXSourcesBuildPhase;
			buildActionMask = 2147483647;
			files = (
				3ADDC8171C4C1FF000E87920 /* GreyScaleSliderTests.swift in Sources */,
			);
			runOnlyForDeploymentPostprocessing = 0;
		};
		3ADDC8191C4C1FF000E87920 /* Sources */ = {
			isa = PBXSourcesBuildPhase;
			buildActionMask = 2147483647;
			files = (
				3ADDC8221C4C1FF000E87920 /* GreyScaleSliderUITests.swift in Sources */,
			);
			runOnlyForDeploymentPostprocessing = 0;
		};
/* End PBXSourcesBuildPhase section */

/* Begin PBXTargetDependency section */
		3ADDC8141C4C1FF000E87920 /* PBXTargetDependency */ = {
			isa = PBXTargetDependency;
			target = 3ADDC7FD1C4C1FF000E87920 /* GreyScaleSlider */;
			targetProxy = 3ADDC8131C4C1FF000E87920 /* PBXContainerItemProxy */;
		};
		3ADDC81F1C4C1FF000E87920 /* PBXTargetDependency */ = {
			isa = PBXTargetDependency;
			target = 3ADDC7FD1C4C1FF000E87920 /* GreyScaleSlider */;
			targetProxy = 3ADDC81E1C4C1FF000E87920 /* PBXContainerItemProxy */;
		};
/* End PBXTargetDependency section */

/* Begin PBXVariantGroup section */
		3ADDC8051C4C1FF000E87920 /* Main.storyboard */ = {
			isa = PBXVariantGroup;
			children = (
				3ADDC8061C4C1FF000E87920 /* Base */,
			);
			name = Main.storyboard;
			sourceTree = "<group>";
		};
		3ADDC80A1C4C1FF000E87920 /* LaunchScreen.storyboard */ = {
			isa = PBXVariantGroup;
			children = (
				3ADDC80B1C4C1FF000E87920 /* Base */,
			);
			name = LaunchScreen.storyboard;
			sourceTree = "<group>";
		};
/* End PBXVariantGroup section */

/* Begin XCBuildConfiguration section */
		3ADDC8241C4C1FF100E87920 /* Debug */ = {
			isa = XCBuildConfiguration;
			buildSettings = {
				ALWAYS_SEARCH_USER_PATHS = NO;
				CLANG_CXX_LANGUAGE_STANDARD = "gnu++0x";
				CLANG_CXX_LIBRARY = "libc++";
				CLANG_ENABLE_MODULES = YES;
				CLANG_ENABLE_OBJC_ARC = YES;
				CLANG_WARN_BOOL_CONVERSION = YES;
				CLANG_WARN_CONSTANT_CONVERSION = YES;
				CLANG_WARN_DIRECT_OBJC_ISA_USAGE = YES_ERROR;
				CLANG_WARN_EMPTY_BODY = YES;
				CLANG_WARN_ENUM_CONVERSION = YES;
				CLANG_WARN_INT_CONVERSION = YES;
				CLANG_WARN_OBJC_ROOT_CLASS = YES_ERROR;
				CLANG_WARN_UNREACHABLE_CODE = YES;
				CLANG_WARN__DUPLICATE_METHOD_MATCH = YES;
				"CODE_SIGN_IDENTITY[sdk=iphoneos*]" = "iPhone Developer";
				COPY_PHASE_STRIP = NO;
				DEBUG_INFORMATION_FORMAT = dwarf;
				ENABLE_STRICT_OBJC_MSGSEND = YES;
				ENABLE_TESTABILITY = YES;
				GCC_C_LANGUAGE_STANDARD = gnu99;
				GCC_DYNAMIC_NO_PIC = NO;
				GCC_NO_COMMON_BLOCKS = YES;
				GCC_OPTIMIZATION_LEVEL = 0;
				GCC_PREPROCESSOR_DEFINITIONS = (
					"DEBUG=1",
					"$(inherited)",
				);
				GCC_WARN_64_TO_32_BIT_CONVERSION = YES;
				GCC_WARN_ABOUT_RETURN_TYPE = YES_ERROR;
				GCC_WARN_UNDECLARED_SELECTOR = YES;
				GCC_WARN_UNINITIALIZED_AUTOS = YES_AGGRESSIVE;
				GCC_WARN_UNUSED_FUNCTION = YES;
				GCC_WARN_UNUSED_VARIABLE = YES;
				IPHONEOS_DEPLOYMENT_TARGET = 9.2;
				MTL_ENABLE_DEBUG_INFO = YES;
				ONLY_ACTIVE_ARCH = YES;
				SDKROOT = iphoneos;
				SWIFT_OPTIMIZATION_LEVEL = "-Onone";
			};
			name = Debug;
		};
		3ADDC8251C4C1FF100E87920 /* Release */ = {
			isa = XCBuildConfiguration;
			buildSettings = {
				ALWAYS_SEARCH_USER_PATHS = NO;
				CLANG_CXX_LANGUAGE_STANDARD = "gnu++0x";
				CLANG_CXX_LIBRARY = "libc++";
				CLANG_ENABLE_MODULES = YES;
				CLANG_ENABLE_OBJC_ARC = YES;
				CLANG_WARN_BOOL_CONVERSION = YES;
				CLANG_WARN_CONSTANT_CONVERSION = YES;
				CLANG_WARN_DIRECT_OBJC_ISA_USAGE = YES_ERROR;
				CLANG_WARN_EMPTY_BODY = YES;
				CLANG_WARN_ENUM_CONVERSION = YES;
				CLANG_WARN_INT_CONVERSION = YES;
				CLANG_WARN_OBJC_ROOT_CLASS = YES_ERROR;
				CLANG_WARN_UNREACHABLE_CODE = YES;
				CLANG_WARN__DUPLICATE_METHOD_MATCH = YES;
				"CODE_SIGN_IDENTITY[sdk=iphoneos*]" = "iPhone Developer";
				COPY_PHASE_STRIP = NO;
				DEBUG_INFORMATION_FORMAT = "dwarf-with-dsym";
				ENABLE_NS_ASSERTIONS = NO;
				ENABLE_STRICT_OBJC_MSGSEND = YES;
				GCC_C_LANGUAGE_STANDARD = gnu99;
				GCC_NO_COMMON_BLOCKS = YES;
				GCC_WARN_64_TO_32_BIT_CONVERSION = YES;
				GCC_WARN_ABOUT_RETURN_TYPE = YES_ERROR;
				GCC_WARN_UNDECLARED_SELECTOR = YES;
				GCC_WARN_UNINITIALIZED_AUTOS = YES_AGGRESSIVE;
				GCC_WARN_UNUSED_FUNCTION = YES;
				GCC_WARN_UNUSED_VARIABLE = YES;
				IPHONEOS_DEPLOYMENT_TARGET = 9.2;
				MTL_ENABLE_DEBUG_INFO = NO;
				SDKROOT = iphoneos;
				VALIDATE_PRODUCT = YES;
			};
			name = Release;
		};
		3ADDC8271C4C1FF100E87920 /* Debug */ = {
			isa = XCBuildConfiguration;
			buildSettings = {
				ASSETCATALOG_COMPILER_APPICON_NAME = AppIcon;
				INFOPLIST_FILE = GreyScaleSlider/Info.plist;
				LD_RUNPATH_SEARCH_PATHS = "$(inherited) @executable_path/Frameworks";
				PRODUCT_BUNDLE_IDENTIFIER = com.greyscaleslider.GreyScaleSlider;
				PRODUCT_NAME = "$(TARGET_NAME)";
			};
			name = Debug;
		};
		3ADDC8281C4C1FF100E87920 /* Release */ = {
			isa = XCBuildConfiguration;
			buildSettings = {
				ASSETCATALOG_COMPILER_APPICON_NAME = AppIcon;
				INFOPLIST_FILE = GreyScaleSlider/Info.plist;
				LD_RUNPATH_SEARCH_PATHS = "$(inherited) @executable_path/Frameworks";
				PRODUCT_BUNDLE_IDENTIFIER = com.greyscaleslider.GreyScaleSlider;
				PRODUCT_NAME = "$(TARGET_NAME)";
			};
			name = Release;
		};
		3ADDC82A1C4C1FF100E87920 /* Debug */ = {
			isa = XCBuildConfiguration;
			buildSettings = {
				BUNDLE_LOADER = "$(TEST_HOST)";
				INFOPLIST_FILE = GreyScaleSliderTests/Info.plist;
				LD_RUNPATH_SEARCH_PATHS = "$(inherited) @executable_path/Frameworks @loader_path/Frameworks";
				PRODUCT_BUNDLE_IDENTIFIER = com.greyscaleslider.GreyScaleSliderTests;
				PRODUCT_NAME = "$(TARGET_NAME)";
				TEST_HOST = "$(BUILT_PRODUCTS_DIR)/GreyScaleSlider.app/GreyScaleSlider";
			};
			name = Debug;
		};
		3ADDC82B1C4C1FF100E87920 /* Release */ = {
			isa = XCBuildConfiguration;
			buildSettings = {
				BUNDLE_LOADER = "$(TEST_HOST)";
				INFOPLIST_FILE = GreyScaleSliderTests/Info.plist;
				LD_RUNPATH_SEARCH_PATHS = "$(inherited) @executable_path/Frameworks @loader_path/Frameworks";
				PRODUCT_BUNDLE_IDENTIFIER = com.greyscaleslider.GreyScaleSliderTests;
				PRODUCT_NAME = "$(TARGET_NAME)";
				TEST_HOST = "$(BUILT_PRODUCTS_DIR)/GreyScaleSlider.app/GreyScaleSlider";
			};
			name = Release;
		};
		3ADDC82D1C4C1FF100E87920 /* Debug */ = {
			isa = XCBuildConfiguration;
			buildSettings = {
				INFOPLIST_FILE = GreyScaleSliderUITests/Info.plist;
				LD_RUNPATH_SEARCH_PATHS = "$(inherited) @executable_path/Frameworks @loader_path/Frameworks";
				PRODUCT_BUNDLE_IDENTIFIER = com.greyscaleslider.GreyScaleSliderUITests;
				PRODUCT_NAME = "$(TARGET_NAME)";
				TEST_TARGET_NAME = GreyScaleSlider;
				USES_XCTRUNNER = YES;
			};
			name = Debug;
		};
		3ADDC82E1C4C1FF100E87920 /* Release */ = {
			isa = XCBuildConfiguration;
			buildSettings = {
				INFOPLIST_FILE = GreyScaleSliderUITests/Info.plist;
				LD_RUNPATH_SEARCH_PATHS = "$(inherited) @executable_path/Frameworks @loader_path/Frameworks";
				PRODUCT_BUNDLE_IDENTIFIER = com.greyscaleslider.GreyScaleSliderUITests;
				PRODUCT_NAME = "$(TARGET_NAME)";
				TEST_TARGET_NAME = GreyScaleSlider;
				USES_XCTRUNNER = YES;
			};
			name = Release;
		};
/* End XCBuildConfiguration section */

/* Begin XCConfigurationList section */
		3ADDC7F91C4C1FF000E87920 /* Build configuration list for PBXProject "GreyScaleSlider" */ = {
			isa = XCConfigurationList;
			buildConfigurations = (
				3ADDC8241C4C1FF100E87920 /* Debug */,
				3ADDC8251C4C1FF100E87920 /* Release */,
			);
			defaultConfigurationIsVisible = 0;
			defaultConfigurationName = Release;
		};
		3ADDC8261C4C1FF100E87920 /* Build configuration list for PBXNativeTarget "GreyScaleSlider" */ = {
			isa = XCConfigurationList;
			buildConfigurations = (
				3ADDC8271C4C1FF100E87920 /* Debug */,
				3ADDC8281C4C1FF100E87920 /* Release */,
			);
			defaultConfigurationIsVisible = 0;
		};
		3ADDC8291C4C1FF100E87920 /* Build configuration list for PBXNativeTarget "GreyScaleSliderTests" */ = {
			isa = XCConfigurationList;
			buildConfigurations = (
				3ADDC82A1C4C1FF100E87920 /* Debug */,
				3ADDC82B1C4C1FF100E87920 /* Release */,
			);
			defaultConfigurationIsVisible = 0;
		};
		3ADDC82C1C4C1FF100E87920 /* Build configuration list for PBXNativeTarget "GreyScaleSliderUITests" */ = {
			isa = XCConfigurationList;
			buildConfigurations = (
				3ADDC82D1C4C1FF100E87920 /* Debug */,
				3ADDC82E1C4C1FF100E87920 /* Release */,
			);
			defaultConfigurationIsVisible = 0;
		};
/* End XCConfigurationList section */
	};
	rootObject = 3ADDC7F61C4C1FF000E87920 /* Project object */;
}
